{
  "name": "outsiders4caa281eCreateAuthChallenge",
  "version": "2.0.0",
  "lockfileVersion": 3,
  "requires": true,
  "packages": {
    "": {
      "name": "outsiders4caa281eCreateAuthChallenge",
      "version": "2.0.0",
      "license": "Apache-2.0",
      "devDependencies": {
        "@types/aws-lambda": "^8.10.92"
      }
    },
    "node_modules/@types/aws-lambda": {
      "version": "8.10.147",
      "dev": true,
      "license": "MIT"
    }
  }
}
